
Microsoft Visual Studio Solution File, Format Version 12.00
# Visual Studio Version 16
VisualStudioVersion = 16.0.30717.126
MinimumVisualStudioVersion = 10.0.40219.1
Project("{FAE04EC0-301F-11D3-BF4B-00C04F79EFBC}") = "StyledByAdeola", "StyledByAdeola.csproj", "{7FFAC194-BB63-4B0D-9B89-7DE560F9464C}"
EndProject
Global
	GlobalSection(SolutionConfigurationPlatforms) = preSolution
		Debug|Any CPU = Debug|Any CPU
		Release|Any CPU = Release|Any CPU
	EndGlobalSection
	GlobalSection(ProjectConfigurationPlatforms) = postSolution
		{7FFAC194-BB63-4B0D-9B89-7DE560F9464C}.Debug|Any CPU.ActiveCfg = Debug|Any CPU
		{7FFAC194-BB63-4B0D-9B89-7DE560F9464C}.Debug|Any CPU.Build.0 = Debug|Any CPU
		{7FFAC194-BB63-4B0D-9B89-7DE560F9464C}.Release|Any CPU.ActiveCfg = Release|Any CPU
		{7FFAC194-BB63-4B0D-9B89-7DE560F9464C}.Release|Any CPU.Build.0 = Release|Any CPU
	EndGlobalSection
	GlobalSection(SolutionProperties) = preSolution
		HideSolutionNode = FALSE
	EndGlobalSection
	GlobalSection(ExtensibilityGlobals) = postSolution
		SolutionGuid = {93E1CE61-356C-438C-9E0B-999DC8E58E61}
	EndGlobalSection
EndGlobal
